
Microsoft Visual Studio Solution File, Format Version 12.00
# Visual Studio Version 17
VisualStudioVersion = 17.8.34511.84
MinimumVisualStudioVersion = 10.0.40219.1
Project("{FAE04EC0-301F-11D3-BF4B-00C04F79EFBC}") = "konsi-api", "konsi-api.csproj", "{9ACA278D-0410-4503-8C44-292EAF018EB6}"
EndProject
Global
	GlobalSection(SolutionConfigurationPlatforms) = preSolution
		Debug|Any CPU = Debug|Any CPU
		Release|Any CPU = Release|Any CPU
	EndGlobalSection
	GlobalSection(ProjectConfigurationPlatforms) = postSolution
		{9ACA278D-0410-4503-8C44-292EAF018EB6}.Debug|Any CPU.ActiveCfg = Debug|Any CPU
		{9ACA278D-0410-4503-8C44-292EAF018EB6}.Debug|Any CPU.Build.0 = Debug|Any CPU
		{9ACA278D-0410-4503-8C44-292EAF018EB6}.Release|Any CPU.ActiveCfg = Release|Any CPU
		{9ACA278D-0410-4503-8C44-292EAF018EB6}.Release|Any CPU.Build.0 = Release|Any CPU
	EndGlobalSection
	GlobalSection(SolutionProperties) = preSolution
		HideSolutionNode = FALSE
	EndGlobalSection
	GlobalSection(ExtensibilityGlobals) = postSolution
		SolutionGuid = {0965D1DB-FCA5-4B95-9EBC-078393EDCBC9}
	EndGlobalSection
EndGlobal
